<?xml version="1.0" encoding="utf-8"?>
<Project ToolsVersion="4.0" xmlns="http://schemas.microsoft.com/developer/msbuild/2003">
  <ItemGroup>
    <Filter Include="Source Files">
      <UniqueIdentifier>{4FC737F1-C7A5-4376-A066-2A32D752A2FF}</UniqueIdentifier>
      <Extensions>cpp;c;cc;cxx;def;odl;idl;hpj;bat;asm;asmx</Extensions>
    </Filter>
    <Filter Include="Header Files">
      <UniqueIdentifier>{93995380-89BD-4b04-88EB-625FBE52EBFB}</UniqueIdentifier>
      <Extensions>h;hh;hpp;hxx;hm;inl;inc;xsd</Extensions>
    </Filter>
    <Filter Include="Windows">
      <UniqueIdentifier>{e4833530-e44e-4e8b-9da8-2746a6509cd8}</UniqueIdentifier>
    </Filter>
  </ItemGroup>
  <ItemGroup>
    <ClInclude Include="AdapterConstants.h">
      <Filter>Header Files</Filter>
    </ClInclude>
    <ClInclude Include="AdapterDefinitions.h">
      <Filter>Header Files</Filter>
    </ClInclude>
    <ClInclude Include="AdapterDevice.h">
      <Filter>Header Files</Filter>
    </ClInclude>
    <ClInclude Include="AllJoynAbout.h">
      <Filter>Header Files</Filter>
    </ClInclude>
    <ClInclude Include="AllJoynAboutIcon.h">
      <Filter>Header Files</Filter>
    </ClInclude>
    <ClInclude Include="AllJoynFileTransfer.h">
      <Filter>Header Files</Filter>
    </ClInclude>
    <ClInclude Include="AllJoynHelper.h">
      <Filter>Header Files</Filter>
    </ClInclude>
    <ClInclude Include="AllJoynProperty.h">
      <Filter>Header Files</Filter>
    </ClInclude>
    <ClInclude Include="Bridge.h">
      <Filter>Header Files</Filter>
    </ClInclude>
    <ClInclude Include="BridgeAuthHandler.h">
      <Filter>Header Files</Filter>
    </ClInclude>
    <ClInclude Include="BridgeCommon.h">
      <Filter>Header Files</Filter>
    </ClInclude>
    <ClInclude Include="BridgeConfig.h">
      <Filter>Header Files</Filter>
    </ClInclude>
    <ClInclude Include="BridgeDevice.h">
      <Filter>Header Files</Filter>
    </ClInclude>
    <ClInclude Include="BridgeLog.h">
      <Filter>Header Files</Filter>
    </ClInclude>
    <ClInclude Include="ConfigManager.h">
      <Filter>Header Files</Filter>
    </ClInclude>
    <ClInclude Include="ControlPanel.h">
      <Filter>Header Files</Filter>
    </ClInclude>
    <ClInclude Include="CspAdapter.h">
      <Filter>Header Files</Filter>
    </ClInclude>
    <ClInclude Include="CspBridge.h">
      <Filter>Header Files</Filter>
    </ClInclude>
    <ClInclude Include="DeviceMain.h">
      <Filter>Header Files</Filter>
    </ClInclude>
    <ClInclude Include="DeviceMethod.h">
      <Filter>Header Files</Filter>
    </ClInclude>
    <ClInclude Include="DeviceProperty.h">
      <Filter>Header Files</Filter>
    </ClInclude>
    <ClInclude Include="DeviceSignal.h">
      <Filter>Header Files</Filter>
    </ClInclude>
    <ClInclude Include="DsbServiceNames.h">
      <Filter>Header Files</Filter>
    </ClInclude>
    <ClInclude Include="FileAccess.h">
      <Filter>Header Files</Filter>
    </ClInclude>
    <ClInclude Include="IAdapter.h">
      <Filter>Header Files</Filter>
    </ClInclude>
    <ClInclude Include="IControlPanelHandler.h">
      <Filter>Header Files</Filter>
    </ClInclude>
    <ClInclude Include="pch.h">
      <Filter>Header Files</Filter>
    </ClInclude>
    <ClInclude Include="PropertyInterface.h">
      <Filter>Header Files</Filter>
    </ClInclude>
    <ClInclude Include="PropertyValue.h">
      <Filter>Header Files</Filter>
    </ClInclude>
    <ClInclude Include="resource.h">
      <Filter>Header Files</Filter>
    </ClInclude>
    <ClInclude Include="Widget.h">
      <Filter>Header Files</Filter>
    </ClInclude>
    <ClInclude Include="WidgetAction.h">
      <Filter>Header Files</Filter>
    </ClInclude>
    <ClInclude Include="WidgetConsts.h">
      <Filter>Header Files</Filter>
    </ClInclude>
    <ClInclude Include="WidgetContainer.h">
      <Filter>Header Files</Filter>
    </ClInclude>
    <ClInclude Include="WidgetProperty.h">
      <Filter>Header Files</Filter>
    </ClInclude>
    <ClInclude Include="WidgetPropertyLabel.h">
      <Filter>Header Files</Filter>
    </ClInclude>
    <ClInclude Include="WidgetPropertySwitch.h">
      <Filter>Header Files</Filter>
    </ClInclude>
    <ClInclude Include="WidgetPropertyTextBox.h">
      <Filter>Header Files</Filter>
    </ClInclude>
    <ClInclude Include="WidgetSignalHandler.h">
      <Filter>Header Files</Filter>
    </ClInclude>
    <ClInclude Include="XmlUtil.h">
      <Filter>Header Files</Filter>
    </ClInclude>
    <ClInclude Include="Windows\WinFileAccess.h">
      <Filter>Windows</Filter>
    </ClInclude>
    <ClInclude Include="CommonUtils.h">
      <Filter>Header Files</Filter>
    </ClInclude>
    <ClInclude Include="CommonSal.h">
      <Filter>Header Files</Filter>
    </ClInclude>
    <ClInclude Include="IBridge.h">
      <Filter>Header Files</Filter>
    </ClInclude>
  </ItemGroup>
  <ItemGroup>
    <ClCompile Include="AdapterDevice.cpp">
      <Filter>Source Files</Filter>
    </ClCompile>
    <ClCompile Include="AllJoynAbout.cpp">
      <Filter>Source Files</Filter>
    </ClCompile>
    <ClCompile Include="AllJoynAboutIcon.cpp">
      <Filter>Source Files</Filter>
    </ClCompile>
    <ClCompile Include="AllJoynFileTransfer.cpp">
      <Filter>Source Files</Filter>
    </ClCompile>
    <ClCompile Include="AllJoynHelper.cpp">
      <Filter>Source Files</Filter>
    </ClCompile>
    <ClCompile Include="AllJoynProperty.cpp">
      <Filter>Source Files</Filter>
    </ClCompile>
    <ClCompile Include="Bridge.cpp">
      <Filter>Source Files</Filter>
    </ClCompile>
    <ClCompile Include="BridgeAuthHandler.cpp">
      <Filter>Source Files</Filter>
    </ClCompile>
    <ClCompile Include="BridgeConfig.cpp">
      <Filter>Source Files</Filter>
    </ClCompile>
    <ClCompile Include="BridgeDevice.cpp">
      <Filter>Source Files</Filter>
    </ClCompile>
    <ClCompile Include="ConfigManager.cpp">
      <Filter>Source Files</Filter>
    </ClCompile>
    <ClCompile Include="ControlPanel.cpp">
      <Filter>Source Files</Filter>
    </ClCompile>
    <ClCompile Include="CspAdapter.cpp">
      <Filter>Source Files</Filter>
    </ClCompile>
    <ClCompile Include="CspBridge.cpp">
      <Filter>Source Files</Filter>
    </ClCompile>
    <ClCompile Include="DeviceMain.cpp">
      <Filter>Source Files</Filter>
    </ClCompile>
    <ClCompile Include="DeviceMethod.cpp">
      <Filter>Source Files</Filter>
    </ClCompile>
    <ClCompile Include="DeviceProperty.cpp">
      <Filter>Source Files</Filter>
    </ClCompile>
    <ClCompile Include="DeviceSignal.cpp">
      <Filter>Source Files</Filter>
    </ClCompile>
    <ClCompile Include="FileAccessFactory.cpp">
      <Filter>Source Files</Filter>
    </ClCompile>
    <ClCompile Include="pch.cpp">
      <Filter>Source Files</Filter>
    </ClCompile>
    <ClCompile Include="PropertyInterface.cpp">
      <Filter>Source Files</Filter>
    </ClCompile>
    <ClCompile Include="Widget.cpp">
      <Filter>Source Files</Filter>
    </ClCompile>
    <ClCompile Include="WidgetAction.cpp">
      <Filter>Source Files</Filter>
    </ClCompile>
    <ClCompile Include="WidgetContainer.cpp">
      <Filter>Source Files</Filter>
    </ClCompile>
    <ClCompile Include="WidgetProperty.cpp">
      <Filter>Source Files</Filter>
    </ClCompile>
    <ClCompile Include="WidgetPropertyLabel.cpp">
      <Filter>Source Files</Filter>
    </ClCompile>
    <ClCompile Include="WidgetPropertySwitch.cpp">
      <Filter>Source Files</Filter>
    </ClCompile>
    <ClCompile Include="WidgetPropertyTextBox.cpp">
      <Filter>Source Files</Filter>
    </ClCompile>
    <ClCompile Include="WidgetSignalHandler.cpp">
      <Filter>Source Files</Filter>
    </ClCompile>
    <ClCompile Include="XmlUtil.cpp">
      <Filter>Source Files</Filter>
    </ClCompile>
    <ClCompile Include="Windows\BridgeLog.cpp">
      <Filter>Windows</Filter>
    </ClCompile>
    <ClCompile Include="Windows\WinFileAccess.cpp">
      <Filter>Windows</Filter>
    </ClCompile>
    <ClCompile Include="CommonUtils.cpp">
      <Filter>Source Files</Filter>
    </ClCompile>
  </ItemGroup>
  <ItemGroup>
    <None Include="packages.config" />
  </ItemGroup>
</Project>