
Microsoft Visual Studio Solution File, Format Version 12.00
# Visual Studio 14
VisualStudioVersion = 14.0.24720.0
MinimumVisualStudioVersion = 10.0.40219.1
Project("{2150E333-8FDC-42A3-9474-1A3956D46DE8}") = "TestApps", "TestApps", "{00872E30-4222-4378-98B4-F53BF544273C}"
EndProject
Project("{FAE04EC0-301F-11D3-BF4B-00C04F79EFBC}") = "DsbTestApp", "TestApps\DsbTestApp\DsbTestApp.csproj", "{548332DE-A332-43EF-8DB9-7F62269DF0F3}"
	ProjectSection(ProjectDependencies) = postProject
		{B78FBC37-A5C1-4FB4-A311-A055B5156B1F} = {B78FBC37-A5C1-4FB4-A311-A055B5156B1F}
		{31B5A1BA-1C85-4AD3-B514-B4BABC943651} = {31B5A1BA-1C85-4AD3-B514-B4BABC943651}
	EndProjectSection
EndProject
Project("{FAE04EC0-301F-11D3-BF4B-00C04F79EFBC}") = "UwpTestApp", "TestApps\UwpTestApp\UwpTestApp.csproj", "{ECC02BDF-AD90-4C74-A7A5-1548A0A23DEF}"
	ProjectSection(ProjectDependencies) = postProject
		{E416F7A7-9485-482B-9154-FC7958397BE5} = {E416F7A7-9485-482B-9154-FC7958397BE5}
	EndProjectSection
EndProject
Project("{8BC9CEB8-8B4A-11D0-8D11-00A0C91BC942}") = "Bridge", "Bridge\BridgeCore\Bridge.vcxproj", "{E6A2E338-FEE8-4296-AE78-F1F39AAF93EE}"
EndProject
Project("{8BC9CEB8-8B4A-11D0-8D11-00A0C91BC942}") = "BridgeNET", "Bridge\BridgeNET\BridgeNET.vcxproj", "{31B5A1BA-1C85-4AD3-B514-B4BABC943651}"
	ProjectSection(ProjectDependencies) = postProject
		{E6A2E338-FEE8-4296-AE78-F1F39AAF93EE} = {E6A2E338-FEE8-4296-AE78-F1F39AAF93EE}
	EndProjectSection
EndProject
Project("{8BC9CEB8-8B4A-11D0-8D11-00A0C91BC942}") = "BridgeUW", "Bridge\BridgeUW\BridgeUW.vcxproj", "{4623B369-F247-4750-B420-9DA2926782FB}"
	ProjectSection(ProjectDependencies) = postProject
		{E6A2E338-FEE8-4296-AE78-F1F39AAF93EE} = {E6A2E338-FEE8-4296-AE78-F1F39AAF93EE}
	EndProjectSection
EndProject
Project("{8BC9CEB8-8B4A-11D0-8D11-00A0C91BC942}") = "ScriptAdapterLib", "Bridge\ScriptAdapterLib\ScriptAdapterLib.vcxproj", "{B78FBC37-A5C1-4FB4-A311-A055B5156B1F}"
EndProject
Project("{8BC9CEB8-8B4A-11D0-8D11-00A0C91BC942}") = "ScriptAdapterLibUW", "Bridge\ScriptAdapterLibUW\ScriptAdapterLibUW.vcxproj", "{8AE66F9A-F714-4F50-B316-E247A9353B32}"
	ProjectSection(ProjectDependencies) = postProject
		{B78FBC37-A5C1-4FB4-A311-A055B5156B1F} = {B78FBC37-A5C1-4FB4-A311-A055B5156B1F}
	EndProjectSection
EndProject
Project("{8BC9CEB8-8B4A-11D0-8D11-00A0C91BC942}") = "BridgeRT", "BridgeRT\BridgeRT.vcxproj", "{E416F7A7-9485-482B-9154-FC7958397BE5}"
	ProjectSection(ProjectDependencies) = postProject
		{4623B369-F247-4750-B420-9DA2926782FB} = {4623B369-F247-4750-B420-9DA2926782FB}
		{8AE66F9A-F714-4F50-B316-E247A9353B32} = {8AE66F9A-F714-4F50-B316-E247A9353B32}
	EndProjectSection
EndProject
Project("{FAE04EC0-301F-11D3-BF4B-00C04F79EFBC}") = "BridgeHost", "BridgeHost\BridgeHost.csproj", "{68E3E0F8-DF4C-4A7C-A8D2-F1000E2219D1}"
EndProject
Project("{FAE04EC0-301F-11D3-BF4B-00C04F79EFBC}") = "BridgeHostStartupTask", "BridgeHostStartupTask\BridgeHostStartupTask.csproj", "{CC907CB5-2F85-4C6E-937F-64BA9E1B9202}"
EndProject
Global
	GlobalSection(SolutionConfigurationPlatforms) = preSolution
		Debug|Any CPU = Debug|Any CPU
		Debug|ARM = Debug|ARM
		Debug|x64 = Debug|x64
		Debug|x86 = Debug|x86
		Release|Any CPU = Release|Any CPU
		Release|ARM = Release|ARM
		Release|x64 = Release|x64
		Release|x86 = Release|x86
	EndGlobalSection
	GlobalSection(ProjectConfigurationPlatforms) = postSolution
		{548332DE-A332-43EF-8DB9-7F62269DF0F3}.Debug|Any CPU.ActiveCfg = Debug|Any CPU
		{548332DE-A332-43EF-8DB9-7F62269DF0F3}.Debug|Any CPU.Build.0 = Debug|Any CPU
		{548332DE-A332-43EF-8DB9-7F62269DF0F3}.Debug|ARM.ActiveCfg = Debug|Any CPU
		{548332DE-A332-43EF-8DB9-7F62269DF0F3}.Debug|ARM.Build.0 = Debug|Any CPU
		{548332DE-A332-43EF-8DB9-7F62269DF0F3}.Debug|x64.ActiveCfg = Debug|Any CPU
		{548332DE-A332-43EF-8DB9-7F62269DF0F3}.Debug|x64.Build.0 = Debug|Any CPU
		{548332DE-A332-43EF-8DB9-7F62269DF0F3}.Debug|x86.ActiveCfg = Debug|Any CPU
		{548332DE-A332-43EF-8DB9-7F62269DF0F3}.Debug|x86.Build.0 = Debug|Any CPU
		{548332DE-A332-43EF-8DB9-7F62269DF0F3}.Release|Any CPU.ActiveCfg = Release|Any CPU
		{548332DE-A332-43EF-8DB9-7F62269DF0F3}.Release|Any CPU.Build.0 = Release|Any CPU
		{548332DE-A332-43EF-8DB9-7F62269DF0F3}.Release|ARM.ActiveCfg = Release|Any CPU
		{548332DE-A332-43EF-8DB9-7F62269DF0F3}.Release|ARM.Build.0 = Release|Any CPU
		{548332DE-A332-43EF-8DB9-7F62269DF0F3}.Release|x64.ActiveCfg = Release|Any CPU
		{548332DE-A332-43EF-8DB9-7F62269DF0F3}.Release|x64.Build.0 = Release|Any CPU
		{548332DE-A332-43EF-8DB9-7F62269DF0F3}.Release|x86.ActiveCfg = Release|Any CPU
		{548332DE-A332-43EF-8DB9-7F62269DF0F3}.Release|x86.Build.0 = Release|Any CPU
		{ECC02BDF-AD90-4C74-A7A5-1548A0A23DEF}.Debug|Any CPU.ActiveCfg = Debug|x86
		{ECC02BDF-AD90-4C74-A7A5-1548A0A23DEF}.Debug|ARM.ActiveCfg = Debug|ARM
		{ECC02BDF-AD90-4C74-A7A5-1548A0A23DEF}.Debug|ARM.Build.0 = Debug|ARM
		{ECC02BDF-AD90-4C74-A7A5-1548A0A23DEF}.Debug|x64.ActiveCfg = Debug|x64
		{ECC02BDF-AD90-4C74-A7A5-1548A0A23DEF}.Debug|x64.Build.0 = Debug|x64
		{ECC02BDF-AD90-4C74-A7A5-1548A0A23DEF}.Debug|x64.Deploy.0 = Debug|x64
		{ECC02BDF-AD90-4C74-A7A5-1548A0A23DEF}.Debug|x86.ActiveCfg = Debug|x86
		{ECC02BDF-AD90-4C74-A7A5-1548A0A23DEF}.Debug|x86.Build.0 = Debug|x86
		{ECC02BDF-AD90-4C74-A7A5-1548A0A23DEF}.Release|Any CPU.ActiveCfg = Release|x86
		{ECC02BDF-AD90-4C74-A7A5-1548A0A23DEF}.Release|ARM.ActiveCfg = Release|ARM
		{ECC02BDF-AD90-4C74-A7A5-1548A0A23DEF}.Release|ARM.Build.0 = Release|ARM
		{ECC02BDF-AD90-4C74-A7A5-1548A0A23DEF}.Release|ARM.Deploy.0 = Release|ARM
		{ECC02BDF-AD90-4C74-A7A5-1548A0A23DEF}.Release|x64.ActiveCfg = Release|x64
		{ECC02BDF-AD90-4C74-A7A5-1548A0A23DEF}.Release|x64.Build.0 = Release|x64
		{ECC02BDF-AD90-4C74-A7A5-1548A0A23DEF}.Release|x64.Deploy.0 = Release|x64
		{ECC02BDF-AD90-4C74-A7A5-1548A0A23DEF}.Release|x86.ActiveCfg = Release|x86
		{ECC02BDF-AD90-4C74-A7A5-1548A0A23DEF}.Release|x86.Build.0 = Release|x86
		{ECC02BDF-AD90-4C74-A7A5-1548A0A23DEF}.Release|x86.Deploy.0 = Release|x86
		{E6A2E338-FEE8-4296-AE78-F1F39AAF93EE}.Debug|Any CPU.ActiveCfg = Debug|Win32
		{E6A2E338-FEE8-4296-AE78-F1F39AAF93EE}.Debug|ARM.ActiveCfg = Debug|ARM
		{E6A2E338-FEE8-4296-AE78-F1F39AAF93EE}.Debug|ARM.Build.0 = Debug|ARM
		{E6A2E338-FEE8-4296-AE78-F1F39AAF93EE}.Debug|x64.ActiveCfg = Debug|x64
		{E6A2E338-FEE8-4296-AE78-F1F39AAF93EE}.Debug|x64.Build.0 = Debug|x64
		{E6A2E338-FEE8-4296-AE78-F1F39AAF93EE}.Debug|x86.ActiveCfg = Debug|Win32
		{E6A2E338-FEE8-4296-AE78-F1F39AAF93EE}.Debug|x86.Build.0 = Debug|Win32
		{E6A2E338-FEE8-4296-AE78-F1F39AAF93EE}.Release|Any CPU.ActiveCfg = Release|Win32
		{E6A2E338-FEE8-4296-AE78-F1F39AAF93EE}.Release|ARM.ActiveCfg = Release|Win32
		{E6A2E338-FEE8-4296-AE78-F1F39AAF93EE}.Release|x64.ActiveCfg = Release|x64
		{E6A2E338-FEE8-4296-AE78-F1F39AAF93EE}.Release|x64.Build.0 = Release|x64
		{E6A2E338-FEE8-4296-AE78-F1F39AAF93EE}.Release|x86.ActiveCfg = Release|Win32
		{E6A2E338-FEE8-4296-AE78-F1F39AAF93EE}.Release|x86.Build.0 = Release|Win32
		{31B5A1BA-1C85-4AD3-B514-B4BABC943651}.Debug|Any CPU.ActiveCfg = Debug|Win32
		{31B5A1BA-1C85-4AD3-B514-B4BABC943651}.Debug|ARM.ActiveCfg = Debug|ARM
		{31B5A1BA-1C85-4AD3-B514-B4BABC943651}.Debug|ARM.Build.0 = Debug|ARM
		{31B5A1BA-1C85-4AD3-B514-B4BABC943651}.Debug|x64.ActiveCfg = Debug|x64
		{31B5A1BA-1C85-4AD3-B514-B4BABC943651}.Debug|x64.Build.0 = Debug|x64
		{31B5A1BA-1C85-4AD3-B514-B4BABC943651}.Debug|x86.ActiveCfg = Debug|Win32
		{31B5A1BA-1C85-4AD3-B514-B4BABC943651}.Debug|x86.Build.0 = Debug|Win32
		{31B5A1BA-1C85-4AD3-B514-B4BABC943651}.Release|Any CPU.ActiveCfg = Release|Win32
		{31B5A1BA-1C85-4AD3-B514-B4BABC943651}.Release|ARM.ActiveCfg = Release|Win32
		{31B5A1BA-1C85-4AD3-B514-B4BABC943651}.Release|x64.ActiveCfg = Release|x64
		{31B5A1BA-1C85-4AD3-B514-B4BABC943651}.Release|x64.Build.0 = Release|x64
		{31B5A1BA-1C85-4AD3-B514-B4BABC943651}.Release|x86.ActiveCfg = Release|Win32
		{31B5A1BA-1C85-4AD3-B514-B4BABC943651}.Release|x86.Build.0 = Release|Win32
		{4623B369-F247-4750-B420-9DA2926782FB}.Debug|Any CPU.ActiveCfg = Debug|Win32
		{4623B369-F247-4750-B420-9DA2926782FB}.Debug|ARM.ActiveCfg = Debug|ARM
		{4623B369-F247-4750-B420-9DA2926782FB}.Debug|ARM.Build.0 = Debug|ARM
		{4623B369-F247-4750-B420-9DA2926782FB}.Debug|x64.ActiveCfg = Debug|x64
		{4623B369-F247-4750-B420-9DA2926782FB}.Debug|x64.Build.0 = Debug|x64
		{4623B369-F247-4750-B420-9DA2926782FB}.Debug|x86.ActiveCfg = Debug|Win32
		{4623B369-F247-4750-B420-9DA2926782FB}.Debug|x86.Build.0 = Debug|Win32
		{4623B369-F247-4750-B420-9DA2926782FB}.Release|Any CPU.ActiveCfg = Release|Win32
		{4623B369-F247-4750-B420-9DA2926782FB}.Release|ARM.ActiveCfg = Release|ARM
		{4623B369-F247-4750-B420-9DA2926782FB}.Release|ARM.Build.0 = Release|ARM
		{4623B369-F247-4750-B420-9DA2926782FB}.Release|x64.ActiveCfg = Release|x64
		{4623B369-F247-4750-B420-9DA2926782FB}.Release|x64.Build.0 = Release|x64
		{4623B369-F247-4750-B420-9DA2926782FB}.Release|x86.ActiveCfg = Release|Win32
		{4623B369-F247-4750-B420-9DA2926782FB}.Release|x86.Build.0 = Release|Win32
		{B78FBC37-A5C1-4FB4-A311-A055B5156B1F}.Debug|Any CPU.ActiveCfg = Debug|Win32
		{B78FBC37-A5C1-4FB4-A311-A055B5156B1F}.Debug|ARM.ActiveCfg = Debug|ARM
		{B78FBC37-A5C1-4FB4-A311-A055B5156B1F}.Debug|ARM.Build.0 = Debug|ARM
		{B78FBC37-A5C1-4FB4-A311-A055B5156B1F}.Debug|x64.ActiveCfg = Debug|x64
		{B78FBC37-A5C1-4FB4-A311-A055B5156B1F}.Debug|x64.Build.0 = Debug|x64
		{B78FBC37-A5C1-4FB4-A311-A055B5156B1F}.Debug|x86.ActiveCfg = Debug|Win32
		{B78FBC37-A5C1-4FB4-A311-A055B5156B1F}.Debug|x86.Build.0 = Debug|Win32
		{B78FBC37-A5C1-4FB4-A311-A055B5156B1F}.Release|Any CPU.ActiveCfg = Release|Win32
		{B78FBC37-A5C1-4FB4-A311-A055B5156B1F}.Release|ARM.ActiveCfg = Release|Win32
		{B78FBC37-A5C1-4FB4-A311-A055B5156B1F}.Release|x64.ActiveCfg = Release|x64
		{B78FBC37-A5C1-4FB4-A311-A055B5156B1F}.Release|x64.Build.0 = Release|x64
		{B78FBC37-A5C1-4FB4-A311-A055B5156B1F}.Release|x86.ActiveCfg = Release|Win32
		{B78FBC37-A5C1-4FB4-A311-A055B5156B1F}.Release|x86.Build.0 = Release|Win32
		{8AE66F9A-F714-4F50-B316-E247A9353B32}.Debug|Any CPU.ActiveCfg = Debug|Win32
		{8AE66F9A-F714-4F50-B316-E247A9353B32}.Debug|ARM.ActiveCfg = Debug|ARM
		{8AE66F9A-F714-4F50-B316-E247A9353B32}.Debug|ARM.Build.0 = Debug|ARM
		{8AE66F9A-F714-4F50-B316-E247A9353B32}.Debug|x64.ActiveCfg = Debug|x64
		{8AE66F9A-F714-4F50-B316-E247A9353B32}.Debug|x64.Build.0 = Debug|x64
		{8AE66F9A-F714-4F50-B316-E247A9353B32}.Debug|x86.ActiveCfg = Debug|Win32
		{8AE66F9A-F714-4F50-B316-E247A9353B32}.Debug|x86.Build.0 = Debug|Win32
		{8AE66F9A-F714-4F50-B316-E247A9353B32}.Release|Any CPU.ActiveCfg = Release|Win32
		{8AE66F9A-F714-4F50-B316-E247A9353B32}.Release|ARM.ActiveCfg = Release|ARM
		{8AE66F9A-F714-4F50-B316-E247A9353B32}.Release|ARM.Build.0 = Release|ARM
		{8AE66F9A-F714-4F50-B316-E247A9353B32}.Release|x64.ActiveCfg = Release|x64
		{8AE66F9A-F714-4F50-B316-E247A9353B32}.Release|x64.Build.0 = Release|x64
		{8AE66F9A-F714-4F50-B316-E247A9353B32}.Release|x86.ActiveCfg = Release|Win32
		{8AE66F9A-F714-4F50-B316-E247A9353B32}.Release|x86.Build.0 = Release|Win32
		{E416F7A7-9485-482B-9154-FC7958397BE5}.Debug|Any CPU.ActiveCfg = Debug|Win32
		{E416F7A7-9485-482B-9154-FC7958397BE5}.Debug|ARM.ActiveCfg = Debug|ARM
		{E416F7A7-9485-482B-9154-FC7958397BE5}.Debug|ARM.Build.0 = Debug|ARM
		{E416F7A7-9485-482B-9154-FC7958397BE5}.Debug|x64.ActiveCfg = Debug|x64
		{E416F7A7-9485-482B-9154-FC7958397BE5}.Debug|x64.Build.0 = Debug|x64
		{E416F7A7-9485-482B-9154-FC7958397BE5}.Debug|x86.ActiveCfg = Debug|Win32
		{E416F7A7-9485-482B-9154-FC7958397BE5}.Debug|x86.Build.0 = Debug|Win32
		{E416F7A7-9485-482B-9154-FC7958397BE5}.Release|Any CPU.ActiveCfg = Release|Win32
		{E416F7A7-9485-482B-9154-FC7958397BE5}.Release|ARM.ActiveCfg = Release|ARM
		{E416F7A7-9485-482B-9154-FC7958397BE5}.Release|ARM.Build.0 = Release|ARM
		{E416F7A7-9485-482B-9154-FC7958397BE5}.Release|x64.ActiveCfg = Release|x64
		{E416F7A7-9485-482B-9154-FC7958397BE5}.Release|x64.Build.0 = Release|x64
		{E416F7A7-9485-482B-9154-FC7958397BE5}.Release|x86.ActiveCfg = Release|Win32
		{E416F7A7-9485-482B-9154-FC7958397BE5}.Release|x86.Build.0 = Release|Win32
		{68E3E0F8-DF4C-4A7C-A8D2-F1000E2219D1}.Debug|Any CPU.ActiveCfg = Debug|x86
		{68E3E0F8-DF4C-4A7C-A8D2-F1000E2219D1}.Debug|ARM.ActiveCfg = Debug|ARM
		{68E3E0F8-DF4C-4A7C-A8D2-F1000E2219D1}.Debug|ARM.Build.0 = Debug|ARM
		{68E3E0F8-DF4C-4A7C-A8D2-F1000E2219D1}.Debug|ARM.Deploy.0 = Debug|ARM
		{68E3E0F8-DF4C-4A7C-A8D2-F1000E2219D1}.Debug|x64.ActiveCfg = Debug|x64
		{68E3E0F8-DF4C-4A7C-A8D2-F1000E2219D1}.Debug|x64.Build.0 = Debug|x64
		{68E3E0F8-DF4C-4A7C-A8D2-F1000E2219D1}.Debug|x64.Deploy.0 = Debug|x64
		{68E3E0F8-DF4C-4A7C-A8D2-F1000E2219D1}.Debug|x86.ActiveCfg = Debug|x86
		{68E3E0F8-DF4C-4A7C-A8D2-F1000E2219D1}.Debug|x86.Build.0 = Debug|x86
		{68E3E0F8-DF4C-4A7C-A8D2-F1000E2219D1}.Debug|x86.Deploy.0 = Debug|x86
		{68E3E0F8-DF4C-4A7C-A8D2-F1000E2219D1}.Release|Any CPU.ActiveCfg = Release|x86
		{68E3E0F8-DF4C-4A7C-A8D2-F1000E2219D1}.Release|ARM.ActiveCfg = Release|ARM
		{68E3E0F8-DF4C-4A7C-A8D2-F1000E2219D1}.Release|ARM.Build.0 = Release|ARM
		{68E3E0F8-DF4C-4A7C-A8D2-F1000E2219D1}.Release|ARM.Deploy.0 = Release|ARM
		{68E3E0F8-DF4C-4A7C-A8D2-F1000E2219D1}.Release|x64.ActiveCfg = Release|x64
		{68E3E0F8-DF4C-4A7C-A8D2-F1000E2219D1}.Release|x64.Build.0 = Release|x64
		{68E3E0F8-DF4C-4A7C-A8D2-F1000E2219D1}.Release|x64.Deploy.0 = Release|x64
		{68E3E0F8-DF4C-4A7C-A8D2-F1000E2219D1}.Release|x86.ActiveCfg = Release|x86
		{68E3E0F8-DF4C-4A7C-A8D2-F1000E2219D1}.Release|x86.Build.0 = Release|x86
		{68E3E0F8-DF4C-4A7C-A8D2-F1000E2219D1}.Release|x86.Deploy.0 = Release|x86
		{CC907CB5-2F85-4C6E-937F-64BA9E1B9202}.Debug|Any CPU.ActiveCfg = Debug|Any CPU
		{CC907CB5-2F85-4C6E-937F-64BA9E1B9202}.Debug|Any CPU.Build.0 = Debug|Any CPU
		{CC907CB5-2F85-4C6E-937F-64BA9E1B9202}.Debug|ARM.ActiveCfg = Debug|Any CPU
		{CC907CB5-2F85-4C6E-937F-64BA9E1B9202}.Debug|ARM.Build.0 = Debug|Any CPU
		{CC907CB5-2F85-4C6E-937F-64BA9E1B9202}.Debug|x64.ActiveCfg = Debug|x64
		{CC907CB5-2F85-4C6E-937F-64BA9E1B9202}.Debug|x64.Build.0 = Debug|x64
		{CC907CB5-2F85-4C6E-937F-64BA9E1B9202}.Debug|x86.ActiveCfg = Debug|Any CPU
		{CC907CB5-2F85-4C6E-937F-64BA9E1B9202}.Debug|x86.Build.0 = Debug|Any CPU
		{CC907CB5-2F85-4C6E-937F-64BA9E1B9202}.Release|Any CPU.ActiveCfg = Release|Any CPU
		{CC907CB5-2F85-4C6E-937F-64BA9E1B9202}.Release|Any CPU.Build.0 = Release|Any CPU
		{CC907CB5-2F85-4C6E-937F-64BA9E1B9202}.Release|ARM.ActiveCfg = Release|Any CPU
		{CC907CB5-2F85-4C6E-937F-64BA9E1B9202}.Release|ARM.Build.0 = Release|Any CPU
		{CC907CB5-2F85-4C6E-937F-64BA9E1B9202}.Release|x64.ActiveCfg = Release|x64
		{CC907CB5-2F85-4C6E-937F-64BA9E1B9202}.Release|x64.Build.0 = Release|x64
		{CC907CB5-2F85-4C6E-937F-64BA9E1B9202}.Release|x86.ActiveCfg = Release|Any CPU
		{CC907CB5-2F85-4C6E-937F-64BA9E1B9202}.Release|x86.Build.0 = Release|Any CPU
	EndGlobalSection
	GlobalSection(SolutionProperties) = preSolution
		HideSolutionNode = FALSE
	EndGlobalSection
	GlobalSection(NestedProjects) = preSolution
		{548332DE-A332-43EF-8DB9-7F62269DF0F3} = {00872E30-4222-4378-98B4-F53BF544273C}
		{ECC02BDF-AD90-4C74-A7A5-1548A0A23DEF} = {00872E30-4222-4378-98B4-F53BF544273C}
	EndGlobalSection
EndGlobal
