<?xml version="1.0" encoding="utf-8"?>
<Project ToolsVersion="4.0" xmlns="http://schemas.microsoft.com/developer/msbuild/2003">
  <ItemGroup>
    <Filter Include="Source Files">
      <UniqueIdentifier>{4FC737F1-C7A5-4376-A066-2A32D752A2FF}</UniqueIdentifier>
      <Extensions>cpp;c;cc;cxx;def;odl;idl;hpj;bat;asm;asmx</Extensions>
    </Filter>
    <Filter Include="Header Files">
      <UniqueIdentifier>{93995380-89BD-4b04-88EB-625FBE52EBFB}</UniqueIdentifier>
      <Extensions>h;hh;hpp;hxx;hm;inl;inc;xsd</Extensions>
    </Filter>
    <Filter Include="Deps">
      <UniqueIdentifier>{20995333-d329-4bc2-8ded-116e94c14baf}</UniqueIdentifier>
    </Filter>
    <Filter Include="Deps\inc">
      <UniqueIdentifier>{dda31a7d-0f13-45b1-b4d2-c2a8d5a15b10}</UniqueIdentifier>
    </Filter>
  </ItemGroup>
  <ItemGroup>
    <ClInclude Include="pch.h">
      <Filter>Header Files</Filter>
    </ClInclude>
    <ClInclude Include="Deps\inc\jx.h">
      <Filter>Deps\inc</Filter>
    </ClInclude>
    <ClInclude Include="Deps\inc\jx_result.h">
      <Filter>Deps\inc</Filter>
    </ClInclude>
    <ClInclude Include="AsyncQueue.h">
      <Filter>Header Files</Filter>
    </ClInclude>
    <ClInclude Include="ScriptHost.h">
      <Filter>Header Files</Filter>
    </ClInclude>
    <ClInclude Include="WorkItemDispatcher.h">
      <Filter>Header Files</Filter>
    </ClInclude>
    <ClInclude Include="JsAdapter.h">
      <Filter>Header Files</Filter>
    </ClInclude>
    <ClInclude Include="IJsAdapter.h">
      <Filter>Header Files</Filter>
    </ClInclude>
    <ClInclude Include="JsAdapterRequest.h">
      <Filter>Header Files</Filter>
    </ClInclude>
  </ItemGroup>
  <ItemGroup>
    <ClCompile Include="pch.cpp">
      <Filter>Source Files</Filter>
    </ClCompile>
    <ClCompile Include="JsAdapter.cpp">
      <Filter>Source Files</Filter>
    </ClCompile>
    <ClCompile Include="JsAdapterRequest.cpp">
      <Filter>Source Files</Filter>
    </ClCompile>
  </ItemGroup>
  <ItemGroup>
    <None Include="packages.config" />
  </ItemGroup>
</Project>